
Microsoft Visual Studio Solution File, Format Version 12.00
# Visual Studio Version 17
VisualStudioVersion = 17.3.32929.385
MinimumVisualStudioVersion = 10.0.40219.1
Project("{FAE04EC0-301F-11D3-BF4B-00C04F79EFBC}") = "WpfAppS2E1", "WpfAppS2E1\WpfAppS2E1.csproj", "{35454603-97A1-4A0A-8D9D-5879E2ACD41B}"
EndProject
Global
	GlobalSection(SolutionConfigurationPlatforms) = preSolution
		Debug|Any CPU = Debug|Any CPU
		Release|Any CPU = Release|Any CPU
	EndGlobalSection
	GlobalSection(ProjectConfigurationPlatforms) = postSolution
		{35454603-97A1-4A0A-8D9D-5879E2ACD41B}.Debug|Any CPU.ActiveCfg = Debug|Any CPU
		{35454603-97A1-4A0A-8D9D-5879E2ACD41B}.Debug|Any CPU.Build.0 = Debug|Any CPU
		{35454603-97A1-4A0A-8D9D-5879E2ACD41B}.Release|Any CPU.ActiveCfg = Release|Any CPU
		{35454603-97A1-4A0A-8D9D-5879E2ACD41B}.Release|Any CPU.Build.0 = Release|Any CPU
	EndGlobalSection
	GlobalSection(SolutionProperties) = preSolution
		HideSolutionNode = FALSE
	EndGlobalSection
	GlobalSection(ExtensibilityGlobals) = postSolution
		SolutionGuid = {8D6F85EA-16D8-497D-A865-BDE720FDE3B9}
	EndGlobalSection
EndGlobal
